
Microsoft Visual Studio Solution File, Format Version 12.00
# Visual Studio 15
VisualStudioVersion = 15.0.28010.2041
MinimumVisualStudioVersion = 10.0.40219.1
Project("{F184B08F-C81C-45F6-A57F-5ABD9991F28F}") = "broke-mobile", "broke-mobile\broke-mobile.vbproj", "{4DC3E2E9-5007-47BA-9B8E-B2449CCC720C}"
EndProject
Global
	GlobalSection(SolutionConfigurationPlatforms) = preSolution
		Debug|Any CPU = Debug|Any CPU
		Release|Any CPU = Release|Any CPU
	EndGlobalSection
	GlobalSection(ProjectConfigurationPlatforms) = postSolution
		{4DC3E2E9-5007-47BA-9B8E-B2449CCC720C}.Debug|Any CPU.ActiveCfg = Debug|Any CPU
		{4DC3E2E9-5007-47BA-9B8E-B2449CCC720C}.Debug|Any CPU.Build.0 = Debug|Any CPU
		{4DC3E2E9-5007-47BA-9B8E-B2449CCC720C}.Release|Any CPU.ActiveCfg = Release|Any CPU
		{4DC3E2E9-5007-47BA-9B8E-B2449CCC720C}.Release|Any CPU.Build.0 = Release|Any CPU
	EndGlobalSection
	GlobalSection(SolutionProperties) = preSolution
		HideSolutionNode = FALSE
	EndGlobalSection
	GlobalSection(ExtensibilityGlobals) = postSolution
		SolutionGuid = {5B5B72C4-0E8E-4853-8C96-60797D153C68}
	EndGlobalSection
EndGlobal
